# This file is automatically @generated by Cargo.
# It is not intended for manual editing.
version = 4

[[package]]
name = "leetcode-41"
version = "0.1.0"
dependencies = [
 "text_io",
]

[[package]]
name = "text_io"
version = "0.1.13"
source = "registry+https://github.com/rust-lang/crates.io-index"
checksum = "4d8d3ca3b06292094e03841d8995e910712d2a10b5869c8f9725385b29761115"
